{
  "requires": true,
  "lockfileVersion": 1,
  "dependencies": {
    "boolbase": {
      "version": "1.0.0",
      "resolved": "https://registry.npmjs.org/boolbase/-/boolbase-1.0.0.tgz",
      "integrity": "sha512-JZOSA7Mo9sNGB8+UjSgzdLtokWAky1zbztM3WRLCbZ70/3cTANmQmOdR7y2g+J0e2WXywy1yS468tY+IruqEww=="
    },
    "cheerio": {
      "version": "1.0.0-rc.12",
      "resolved": "https://registry.npmjs.org/cheerio/-/cheerio-1.0.0-rc.12.tgz",
      "integrity": "sha512-VqR8m68vM46BNnuZ5NtnGBKIE/DfN0cRIzg9n40EIq9NOv90ayxLBXA8fXC5gquFRGJSTRqBq25Jt2ECLR431Q==",
      "requires": {
        "cheerio-select": "^2.1.0",
        "dom-serializer": "^2.0.0",
        "domhandler": "^5.0.3",
        "domutils": "^3.0.1",
        "htmlparser2": "^8.0.1",
        "parse5": "^7.0.0",
        "parse5-htmlparser2-tree-adapter": "^7.0.0"
      }
    },
    "cheerio-select": {
      "version": "2.1.0",
      "resolved": "https://registry.npmjs.org/cheerio-select/-/cheerio-select-2.1.0.tgz",
      "integrity": "sha512-9v9kG0LvzrlcungtnJtpGNxY+fzECQKhK4EGJX2vByejiMX84MFNQw4UxPJl3bFbTMw+Dfs37XaIkCwTZfLh4g==",
      "requires": {
        "boolbase": "^1.0.0",
        "css-select": "^5.1.0",
        "css-what": "^6.1.0",
        "domelementtype": "^2.3.0",
        "domhandler": "^5.0.3",
        "domutils": "^3.0.1"
      }
    },
    "css-select": {
      "version": "5.1.0",
      "resolved": "https://registry.npmjs.org/css-select/-/css-select-5.1.0.tgz",
      "integrity": "sha512-nwoRF1rvRRnnCqqY7updORDsuqKzqYJ28+oSMaJMMgOauh3fvwHqMS7EZpIPqK8GL+g9mKxF1vP/ZjSeNjEVHg==",
      "requires": {
        "boolbase": "^1.0.0",
        "css-what": "^6.1.0",
        "domhandler": "^5.0.2",
        "domutils": "^3.0.1",
        "nth-check": "^2.0.1"
      }
    },
    "css-what": {
      "version": "6.1.0",
      "resolved": "https://registry.npmjs.org/css-what/-/css-what-6.1.0.tgz",
      "integrity": "sha512-HTUrgRJ7r4dsZKU6GjmpfRK1O76h97Z8MfS1G0FozR+oF2kG6Vfe8JE6zwrkbxigziPHinCJ+gCPjA9EaBDtRw=="
    },
    "dom-serializer": {
      "version": "2.0.0",
      "resolved": "https://registry.npmjs.org/dom-serializer/-/dom-serializer-2.0.0.tgz",
      "integrity": "sha512-wIkAryiqt/nV5EQKqQpo3SToSOV9J0DnbJqwK7Wv/Trc92zIAYZ4FlMu+JPFW1DfGFt81ZTCGgDEabffXeLyJg==",
      "requires": {
        "domelementtype": "^2.3.0",
        "domhandler": "^5.0.2",
        "entities": "^4.2.0"
      }
    },
    "domelementtype": {
      "version": "2.3.0",
      "resolved": "https://registry.npmjs.org/domelementtype/-/domelementtype-2.3.0.tgz",
      "integrity": "sha512-OLETBj6w0OsagBwdXnPdN0cnMfF9opN69co+7ZrbfPGrdpPVNBUj02spi6B1N7wChLQiPn4CSH/zJvXw56gmHw=="
    },
    "domhandler": {
      "version": "5.0.3",
      "resolved": "https://registry.npmjs.org/domhandler/-/domhandler-5.0.3.tgz",
      "integrity": "sha512-cgwlv/1iFQiFnU96XXgROh8xTeetsnJiDsTc7TYCLFd9+/WNkIqPTxiM/8pSd8VIrhXGTf1Ny1q1hquVqDJB5w==",
      "requires": {
        "domelementtype": "^2.3.0"
      }
    },
    "domutils": {
      "version": "3.1.0",
      "resolved": "https://registry.npmjs.org/domutils/-/domutils-3.1.0.tgz",
      "integrity": "sha512-H78uMmQtI2AhgDJjWeQmHwJJ2bLPD3GMmO7Zja/ZZh84wkm+4ut+IUnUdRa8uCGX88DiVx1j6FRe1XfxEgjEZA==",
      "requires": {
        "dom-serializer": "^2.0.0",
        "domelementtype": "^2.3.0",
        "domhandler": "^5.0.3"
      }
    },
    "entities": {
      "version": "4.5.0",
      "resolved": "https://registry.npmjs.org/entities/-/entities-4.5.0.tgz",
      "integrity": "sha512-V0hjH4dGPh9Ao5p0MoRY6BVqtwCjhz6vI5LT8AJ55H+4g9/4vbHx1I54fS0XuclLhDHArPQCiMjDxjaL8fPxhw=="
    },
    "gitbook-plugin-back-to-top-button": {
      "version": "0.1.4",
      "resolved": "https://registry.npmmirror.com/gitbook-plugin-back-to-top-button/-/gitbook-plugin-back-to-top-button-0.1.4.tgz",
      "integrity": "sha1-5iGDOLDvGdWOb2YAmUNQt26ANd8="
    },
    "gitbook-plugin-chapter-fold": {
      "version": "0.0.4",
      "resolved": "https://registry.npmmirror.com/gitbook-plugin-chapter-fold/-/gitbook-plugin-chapter-fold-0.0.4.tgz",
      "integrity": "sha1-3NWiH4C8vJjAiEGXdMOXrm1EY+8="
    },
    "gitbook-plugin-code": {
      "version": "0.1.0",
      "resolved": "https://registry.npmmirror.com/gitbook-plugin-code/-/gitbook-plugin-code-0.1.0.tgz",
      "integrity": "sha1-gRqWALrvdViuGTzufVgQABZn6Xs="
    },
    "gitbook-plugin-custom-favicon": {
      "version": "0.0.4",
      "resolved": "https://registry.npmmirror.com/gitbook-plugin-custom-favicon/-/gitbook-plugin-custom-favicon-0.0.4.tgz",
      "integrity": "sha1-y3NynUdYy3xsVk6O+wNdH24Irs8="
    },
    "gitbook-plugin-expandable-chapters": {
      "version": "0.2.0",
      "resolved": "https://registry.npmmirror.com/gitbook-plugin-expandable-chapters/-/gitbook-plugin-expandable-chapters-0.2.0.tgz",
      "integrity": "sha1-RdcIeuaQekH0gSjFT+ViJKnBraI="
    },
    "gitbook-plugin-expandable-chapters-small": {
      "version": "0.1.7",
      "resolved": "https://registry.npmmirror.com/gitbook-plugin-expandable-chapters-small/-/gitbook-plugin-expandable-chapters-small-0.1.7.tgz",
      "integrity": "sha1-r8nll7aFEVb6ewAjH/irk/T+ukw="
    },
    "gitbook-plugin-hide-element": {
      "version": "0.0.4",
      "resolved": "https://registry.npmmirror.com/gitbook-plugin-hide-element/-/gitbook-plugin-hide-element-0.0.4.tgz",
      "integrity": "sha1-k6Pedq7r1TUmFZfSV/cYdvDR3DQ="
    },
    "gitbook-plugin-insert-logo": {
      "version": "0.1.5",
      "resolved": "https://registry.npmmirror.com/gitbook-plugin-insert-logo/-/gitbook-plugin-insert-logo-0.1.5.tgz",
      "integrity": "sha1-2q6N2kGiNtVPE5MeVwsmcpVXiFo="
    },
    "gitbook-plugin-lightbox": {
      "version": "1.2.0",
      "resolved": "https://registry.npmjs.org/gitbook-plugin-lightbox/-/gitbook-plugin-lightbox-1.2.0.tgz",
      "integrity": "sha512-mZ13srRi9Levq6AnhwDMQbXYBHwSlnG/oasZpBdKfRB+4M18dsd97r+tjnD0dw0sJ/+Jmr1a1twxAem71p5TjA==",
      "requires": {
        "cheerio": "^1.0.0-rc.2",
        "uuid": "^3.3.2"
      }
    },
    "gitbook-plugin-pageview-count": {
      "version": "1.0.1",
      "resolved": "https://registry.npmmirror.com/gitbook-plugin-pageview-count/-/gitbook-plugin-pageview-count-1.0.1.tgz",
      "integrity": "sha1-38W0u5KQ9QMAXyhVnQcRQl1vlME="
    },
    "gitbook-plugin-popup": {
      "version": "0.0.1",
      "resolved": "https://registry.npmmirror.com/gitbook-plugin-popup/-/gitbook-plugin-popup-0.0.1.tgz",
      "integrity": "sha1-6iOOXiSMNc9Lc9KH3fVw8J3/Yzw="
    },
    "gitbook-plugin-search-pro": {
      "version": "2.0.2",
      "resolved": "https://registry.npmmirror.com/gitbook-plugin-search-pro/-/gitbook-plugin-search-pro-2.0.2.tgz",
      "integrity": "sha1-fOduj2XCBESJucaSc2sj+B/mofI=",
      "requires": {
        "html-entities": "1.2.0"
      }
    },
    "gitbook-plugin-sharing-plus": {
      "version": "0.0.2",
      "resolved": "https://registry.npmmirror.com/gitbook-plugin-sharing-plus/-/gitbook-plugin-sharing-plus-0.0.2.tgz",
      "integrity": "sha1-FstYGACikvAbvY19Ic6jID0Jcz8=",
      "requires": {
        "lodash": "^3.10.1"
      }
    },
    "gitbook-plugin-sitemap": {
      "version": "1.2.0",
      "resolved": "https://registry.npmjs.org/gitbook-plugin-sitemap/-/gitbook-plugin-sitemap-1.2.0.tgz",
      "integrity": "sha512-PSJ2BuuNot5CczwzjSCIyRRtom87nPXuD4pEtuVUEg10D8ZBpT3r9+/el6XRzwf8gyC4Sf3QKqreD/ia/G5V4g==",
      "requires": {
        "sitemap": "1.5.0"
      }
    },
    "gitbook-plugin-sitemap-general": {
      "version": "0.1.1",
      "resolved": "https://registry.npmjs.org/gitbook-plugin-sitemap-general/-/gitbook-plugin-sitemap-general-0.1.1.tgz",
      "integrity": "sha512-Oe3ClhXzuxdsEnN7uhhMLIylXeMSFuW0YZhAe+Wk0agAXvlcBgOk61gnnp1Nde4QJ7lu2Vi2XNh2sI4uPGJT5g==",
      "requires": {
        "sitemap": "1.5.0"
      }
    },
    "gitbook-plugin-splitter": {
      "version": "0.0.8",
      "resolved": "https://registry.npmmirror.com/gitbook-plugin-splitter/-/gitbook-plugin-splitter-0.0.8.tgz",
      "integrity": "sha1-8rBRMGD8kma0awQYLk7KHUtx+vw="
    },
    "gitbook-plugin-tbfed-pagefooter": {
      "version": "0.0.1",
      "resolved": "https://registry.npmmirror.com/gitbook-plugin-tbfed-pagefooter/-/gitbook-plugin-tbfed-pagefooter-0.0.1.tgz",
      "integrity": "sha1-Fu54QGLdhQQmTEd+h2X8ScQb7T0=",
      "requires": {
        "moment": "^2.10.6"
      }
    },
    "html-entities": {
      "version": "1.2.0",
      "resolved": "https://registry.npmjs.org/html-entities/-/html-entities-1.2.0.tgz",
      "integrity": "sha1-QZSMr4XOgv7Tbk5qDtNxpmZDeeI="
    },
    "htmlparser2": {
      "version": "8.0.2",
      "resolved": "https://registry.npmjs.org/htmlparser2/-/htmlparser2-8.0.2.tgz",
      "integrity": "sha512-GYdjWKDkbRLkZ5geuHs5NY1puJ+PXwP7+fHPRz06Eirsb9ugf6d8kkXav6ADhcODhFFPMIXyxkxSuMf3D6NCFA==",
      "requires": {
        "domelementtype": "^2.3.0",
        "domhandler": "^5.0.3",
        "domutils": "^3.0.1",
        "entities": "^4.4.0"
      }
    },
    "lodash": {
      "version": "3.10.1",
      "resolved": "https://registry.npmjs.org/lodash/-/lodash-3.10.1.tgz",
      "integrity": "sha1-W/Rejkm6QYnhfUgnid/RW9FAt7Y="
    },
    "moment": {
      "version": "2.30.1",
      "resolved": "https://registry.npmmirror.com/moment/-/moment-2.30.1.tgz",
      "integrity": "sha1-+MkcB7enhuMMWZJt9TC06slpdK4="
    },
    "nth-check": {
      "version": "2.1.1",
      "resolved": "https://registry.npmjs.org/nth-check/-/nth-check-2.1.1.tgz",
      "integrity": "sha512-lqjrjmaOoAnWfMmBPL+XNnynZh2+swxiX3WUE0s4yEHI6m+AwrK2UZOimIRl3X/4QctVqS8AiZjFqyOGrMXb/w==",
      "requires": {
        "boolbase": "^1.0.0"
      }
    },
    "parse5": {
      "version": "7.1.2",
      "resolved": "https://registry.npmjs.org/parse5/-/parse5-7.1.2.tgz",
      "integrity": "sha512-Czj1WaSVpaoj0wbhMzLmWD69anp2WH7FXMB9n1Sy8/ZFF9jolSQVMu1Ij5WIyGmcBmhk7EOndpO4mIpihVqAXw==",
      "requires": {
        "entities": "^4.4.0"
      }
    },
    "parse5-htmlparser2-tree-adapter": {
      "version": "7.0.0",
      "resolved": "https://registry.npmjs.org/parse5-htmlparser2-tree-adapter/-/parse5-htmlparser2-tree-adapter-7.0.0.tgz",
      "integrity": "sha512-B77tOZrqqfUfnVcOrUvfdLbz4pu4RopLD/4vmu3HUPswwTA8OH0EMW9BlWR2B0RCoiZRAHEUu7IxeP1Pd1UU+g==",
      "requires": {
        "domhandler": "^5.0.2",
        "parse5": "^7.0.0"
      }
    },
    "sitemap": {
      "version": "1.5.0",
      "resolved": "https://registry.npmjs.org/sitemap/-/sitemap-1.5.0.tgz",
      "integrity": "sha512-AGevBYvwFaoBsZoWClv8qlaA3lpoPCUnNh2zxIHl3coZXXD5U2+GKtkMBS3pXvl5NXvzN4R0392gN4YrIpSUmQ==",
      "requires": {
        "underscore": "^1.7.0",
        "url-join": "^0.0.1"
      }
    },
    "underscore": {
      "version": "1.13.6",
      "resolved": "https://registry.npmjs.org/underscore/-/underscore-1.13.6.tgz",
      "integrity": "sha512-+A5Sja4HP1M08MaXya7p5LvjuM7K6q/2EaC0+iovj/wOcMsTzMvDFbasi/oSapiwOlt252IqsKqPjCl7huKS0A=="
    },
    "url-join": {
      "version": "0.0.1",
      "resolved": "https://registry.npmjs.org/url-join/-/url-join-0.0.1.tgz",
      "integrity": "sha512-H6dnQ/yPAAVzMQRvEvyz01hhfQL5qRWSEt7BX8t9DqnPw9BjMb64fjIRq76Uvf1hkHp+mTZvEVJ5guXOT0Xqaw=="
    },
    "uuid": {
      "version": "3.4.0",
      "resolved": "https://registry.npmjs.org/uuid/-/uuid-3.4.0.tgz",
      "integrity": "sha512-HjSDRw6gZE5JMggctHBcjVak08+KEVhSIiDzFnT9S9aegmp85S/bReBVTb4QTFaRNptJ9kuYaNhnbNEOkbKb/A=="
    }
  }
}
